// !$*UTF8*$!
{
	archiveVersion = 1;
	classes = {
	};
	objectVersion = 56;
	objects = {

/* Begin PBXBuildFile section */
		520739BB296DA66700597C89 /* AppDelegate.swift in Sources */ = {isa = PBXBuildFile; fileRef = 520739BA296DA66700597C89 /* AppDelegate.swift */; };
		520739BD296DA66700597C89 /* SceneDelegate.swift in Sources */ = {isa = PBXBuildFile; fileRef = 520739BC296DA66700597C89 /* SceneDelegate.swift */; };
		520739BF296DA66700597C89 /* ViewController.swift in Sources */ = {isa = PBXBuildFile; fileRef = 520739BE296DA66700597C89 /* ViewController.swift */; };
		520739C2296DA66700597C89 /* Main.storyboard in Resources */ = {isa = PBXBuildFile; fileRef = 520739C0296DA66700597C89 /* Main.storyboard */; };
		520739C4296DA66800597C89 /* Assets.xcassets in Resources */ = {isa = PBXBuildFile; fileRef = 520739C3296DA66800597C89 /* Assets.xcassets */; };
		520739C7296DA66800597C89 /* LaunchScreen.storyboard in Resources */ = {isa = PBXBuildFile; fileRef = 520739C5296DA66800597C89 /* LaunchScreen.storyboard */; };
		520739D2296DA6D200597C89 /* Dao.swift in Sources */ = {isa = PBXBuildFile; fileRef = 520739D1296DA6D200597C89 /* Dao.swift */; };
		520739D4296DA9B800597C89 /* Article.swift in Sources */ = {isa = PBXBuildFile; fileRef = 520739D3296DA9B800597C89 /* Article.swift */; };
		520739D8296DCCC300597C89 /* Alert.swift in Sources */ = {isa = PBXBuildFile; fileRef = 520739D7296DCCC300597C89 /* Alert.swift */; };
		520739DA296DD38900597C89 /* ResultsViewCell.swift in Sources */ = {isa = PBXBuildFile; fileRef = 520739D9296DD38900597C89 /* ResultsViewCell.swift */; };
/* End PBXBuildFile section */

/* Begin PBXFileReference section */
		520739B7296DA66700597C89 /* Celebrus Task.app */ = {isa = PBXFileReference; explicitFileType = wrapper.application; includeInIndex = 0; path = "Celebrus Task.app"; sourceTree = BUILT_PRODUCTS_DIR; };
		520739BA296DA66700597C89 /* AppDelegate.swift */ = {isa = PBXFileReference; lastKnownFileType = sourcecode.swift; path = AppDelegate.swift; sourceTree = "<group>"; };
		520739BC296DA66700597C89 /* SceneDelegate.swift */ = {isa = PBXFileReference; lastKnownFileType = sourcecode.swift; path = SceneDelegate.swift; sourceTree = "<group>"; };
		520739BE296DA66700597C89 /* ViewController.swift */ = {isa = PBXFileReference; lastKnownFileType = sourcecode.swift; path = ViewController.swift; sourceTree = "<group>"; };
		520739C1296DA66700597C89 /* Base */ = {isa = PBXFileReference; lastKnownFileType = file.storyboard; name = Base; path = Base.lproj/Main.storyboard; sourceTree = "<group>"; };
		520739C3296DA66800597C89 /* Assets.xcassets */ = {isa = PBXFileReference; lastKnownFileType = folder.assetcatalog; path = Assets.xcassets; sourceTree = "<group>"; };
		520739C6296DA66800597C89 /* Base */ = {isa = PBXFileReference; lastKnownFileType = file.storyboard; name = Base; path = Base.lproj/LaunchScreen.storyboard; sourceTree = "<group>"; };
		520739C8296DA66800597C89 /* Info.plist */ = {isa = PBXFileReference; lastKnownFileType = text.plist.xml; path = Info.plist; sourceTree = "<group>"; };
		520739D1296DA6D200597C89 /* Dao.swift */ = {isa = PBXFileReference; lastKnownFileType = sourcecode.swift; path = Dao.swift; sourceTree = "<group>"; };
		520739D3296DA9B800597C89 /* Article.swift */ = {isa = PBXFileReference; lastKnownFileType = sourcecode.swift; path = Article.swift; sourceTree = "<group>"; };
		520739D7296DCCC300597C89 /* Alert.swift */ = {isa = PBXFileReference; lastKnownFileType = sourcecode.swift; path = Alert.swift; sourceTree = "<group>"; };
		520739D9296DD38900597C89 /* ResultsViewCell.swift */ = {isa = PBXFileReference; lastKnownFileType = sourcecode.swift; path = ResultsViewCell.swift; sourceTree = "<group>"; };
/* End PBXFileReference section */

/* Begin PBXFrameworksBuildPhase section */
		520739B4296DA66700597C89 /* Frameworks */ = {
			isa = PBXFrameworksBuildPhase;
			buildActionMask = 2147483647;
			files = (
			);
			runOnlyForDeploymentPostprocessing = 0;
		};
/* End PBXFrameworksBuildPhase section */

/* Begin PBXGroup section */
		520739AE296DA66700597C89 = {
			isa = PBXGroup;
			children = (
				520739B9296DA66700597C89 /* Celebrus Task */,
				520739B8296DA66700597C89 /* Products */,
			);
			sourceTree = "<group>";
		};
		520739B8296DA66700597C89 /* Products */ = {
			isa = PBXGroup;
			children = (
				520739B7296DA66700597C89 /* Celebrus Task.app */,
			);
			name = Products;
			sourceTree = "<group>";
		};
		520739B9296DA66700597C89 /* Celebrus Task */ = {
			isa = PBXGroup;
			children = (
				520739D0296DA6C200597C89 /* Controller */,
				520739CF296DA6BC00597C89 /* View */,
				520739CE296DA6AF00597C89 /* Model */,
				520739C8296DA66800597C89 /* Info.plist */,
			);
			path = "Celebrus Task";
			sourceTree = "<group>";
		};
		520739CE296DA6AF00597C89 /* Model */ = {
			isa = PBXGroup;
			children = (
				520739D1296DA6D200597C89 /* Dao.swift */,
				520739D3296DA9B800597C89 /* Article.swift */,
			);
			path = Model;
			sourceTree = "<group>";
		};
		520739CF296DA6BC00597C89 /* View */ = {
			isa = PBXGroup;
			children = (
				520739C0296DA66700597C89 /* Main.storyboard */,
				520739C3296DA66800597C89 /* Assets.xcassets */,
				520739C5296DA66800597C89 /* LaunchScreen.storyboard */,
			);
			path = View;
			sourceTree = "<group>";
		};
		520739D0296DA6C200597C89 /* Controller */ = {
			isa = PBXGroup;
			children = (
				520739BA296DA66700597C89 /* AppDelegate.swift */,
				520739BC296DA66700597C89 /* SceneDelegate.swift */,
				520739D9296DD38900597C89 /* ResultsViewCell.swift */,
				520739BE296DA66700597C89 /* ViewController.swift */,
				520739D7296DCCC300597C89 /* Alert.swift */,
			);
			path = Controller;
			sourceTree = "<group>";
		};
/* End PBXGroup section */

/* Begin PBXNativeTarget section */
		520739B6296DA66700597C89 /* Celebrus Task */ = {
			isa = PBXNativeTarget;
			buildConfigurationList = 520739CB296DA66800597C89 /* Build configuration list for PBXNativeTarget "Celebrus Task" */;
			buildPhases = (
				520739B3296DA66700597C89 /* Sources */,
				520739B4296DA66700597C89 /* Frameworks */,
				520739B5296DA66700597C89 /* Resources */,
			);
			buildRules = (
			);
			dependencies = (
			);
			name = "Celebrus Task";
			productName = "Celebrus Task";
			productReference = 520739B7296DA66700597C89 /* Celebrus Task.app */;
			productType = "com.apple.product-type.application";
		};
/* End PBXNativeTarget section */

/* Begin PBXProject section */
		520739AF296DA66700597C89 /* Project object */ = {
			isa = PBXProject;
			attributes = {
				BuildIndependentTargetsInParallel = 1;
				LastSwiftUpdateCheck = 1420;
				LastUpgradeCheck = 1420;
				TargetAttributes = {
					520739B6296DA66700597C89 = {
						CreatedOnToolsVersion = 14.2;
					};
				};
			};
			buildConfigurationList = 520739B2296DA66700597C89 /* Build configuration list for PBXProject "Celebrus Task" */;
			compatibilityVersion = "Xcode 14.0";
			developmentRegion = en;
			hasScannedForEncodings = 0;
			knownRegions = (
				en,
				Base,
			);
			mainGroup = 520739AE296DA66700597C89;
			productRefGroup = 520739B8296DA66700597C89 /* Products */;
			projectDirPath = "";
			projectRoot = "";
			targets = (
				520739B6296DA66700597C89 /* Celebrus Task */,
			);
		};
/* End PBXProject section */

/* Begin PBXResourcesBuildPhase section */
		520739B5296DA66700597C89 /* Resources */ = {
			isa = PBXResourcesBuildPhase;
			buildActionMask = 2147483647;
			files = (
				520739C7296DA66800597C89 /* LaunchScreen.storyboard in Resources */,
				520739C4296DA66800597C89 /* Assets.xcassets in Resources */,
				520739C2296DA66700597C89 /* Main.storyboard in Resources */,
			);
			runOnlyForDeploymentPostprocessing = 0;
		};
/* End PBXResourcesBuildPhase section */

/* Begin PBXSourcesBuildPhase section */
		520739B3296DA66700597C89 /* Sources */ = {
			isa = PBXSourcesBuildPhase;
			buildActionMask = 2147483647;
			files = (
				520739D8296DCCC300597C89 /* Alert.swift in Sources */,
				520739D2296DA6D200597C89 /* Dao.swift in Sources */,
				520739DA296DD38900597C89 /* ResultsViewCell.swift in Sources */,
				520739BF296DA66700597C89 /* ViewController.swift in Sources */,
				520739BB296DA66700597C89 /* AppDelegate.swift in Sources */,
				520739D4296DA9B800597C89 /* Article.swift in Sources */,
				520739BD296DA66700597C89 /* SceneDelegate.swift in Sources */,
			);
			runOnlyForDeploymentPostprocessing = 0;
		};
/* End PBXSourcesBuildPhase section */

/* Begin PBXVariantGroup section */
		520739C0296DA66700597C89 /* Main.storyboard */ = {
			isa = PBXVariantGroup;
			children = (
				520739C1296DA66700597C89 /* Base */,
			);
			name = Main.storyboard;
			sourceTree = "<group>";
		};
		520739C5296DA66800597C89 /* LaunchScreen.storyboard */ = {
			isa = PBXVariantGroup;
			children = (
				520739C6296DA66800597C89 /* Base */,
			);
			name = LaunchScreen.storyboard;
			sourceTree = "<group>";
		};
/* End PBXVariantGroup section */

/* Begin XCBuildConfiguration section */
		520739C9296DA66800597C89 /* Debug */ = {
			isa = XCBuildConfiguration;
			buildSettings = {
				ALWAYS_SEARCH_USER_PATHS = NO;
				CLANG_ANALYZER_NONNULL = YES;
				CLANG_ANALYZER_NUMBER_OBJECT_CONVERSION = YES_AGGRESSIVE;
				CLANG_CXX_LANGUAGE_STANDARD = "gnu++20";
				CLANG_ENABLE_MODULES = YES;
				CLANG_ENABLE_OBJC_ARC = YES;
				CLANG_ENABLE_OBJC_WEAK = YES;
				CLANG_WARN_BLOCK_CAPTURE_AUTORELEASING = YES;
				CLANG_WARN_BOOL_CONVERSION = YES;
				CLANG_WARN_COMMA = YES;
				CLANG_WARN_CONSTANT_CONVERSION = YES;
				CLANG_WARN_DEPRECATED_OBJC_IMPLEMENTATIONS = YES;
				CLANG_WARN_DIRECT_OBJC_ISA_USAGE = YES_ERROR;
				CLANG_WARN_DOCUMENTATION_COMMENTS = YES;
				CLANG_WARN_EMPTY_BODY = YES;
				CLANG_WARN_ENUM_CONVERSION = YES;
				CLANG_WARN_INFINITE_RECURSION = YES;
				CLANG_WARN_INT_CONVERSION = YES;
				CLANG_WARN_NON_LITERAL_NULL_CONVERSION = YES;
				CLANG_WARN_OBJC_IMPLICIT_RETAIN_SELF = YES;
				CLANG_WARN_OBJC_LITERAL_CONVERSION = YES;
				CLANG_WARN_OBJC_ROOT_CLASS = YES_ERROR;
				CLANG_WARN_QUOTED_INCLUDE_IN_FRAMEWORK_HEADER = YES;
				CLANG_WARN_RANGE_LOOP_ANALYSIS = YES;
				CLANG_WARN_STRICT_PROTOTYPES = YES;
				CLANG_WARN_SUSPICIOUS_MOVE = YES;
				CLANG_WARN_UNGUARDED_AVAILABILITY = YES_AGGRESSIVE;
				CLANG_WARN_UNREACHABLE_CODE = YES;
				CLANG_WARN__DUPLICATE_METHOD_MATCH = YES;
				COPY_PHASE_STRIP = NO;
				DEBUG_INFORMATION_FORMAT = dwarf;
				ENABLE_STRICT_OBJC_MSGSEND = YES;
				ENABLE_TESTABILITY = YES;
				GCC_C_LANGUAGE_STANDARD = gnu11;
				GCC_DYNAMIC_NO_PIC = NO;
				GCC_NO_COMMON_BLOCKS = YES;
				GCC_OPTIMIZATION_LEVEL = 0;
				GCC_PREPROCESSOR_DEFINITIONS = (
					"DEBUG=1",
					"$(inherited)",
				);
				GCC_WARN_64_TO_32_BIT_CONVERSION = YES;
				GCC_WARN_ABOUT_RETURN_TYPE = YES_ERROR;
				GCC_WARN_UNDECLARED_SELECTOR = YES;
				GCC_WARN_UNINITIALIZED_AUTOS = YES_AGGRESSIVE;
				GCC_WARN_UNUSED_FUNCTION = YES;
				GCC_WARN_UNUSED_VARIABLE = YES;
				IPHONEOS_DEPLOYMENT_TARGET = 16.2;
				MTL_ENABLE_DEBUG_INFO = INCLUDE_SOURCE;
				MTL_FAST_MATH = YES;
				ONLY_ACTIVE_ARCH = YES;
				SDKROOT = iphoneos;
				SWIFT_ACTIVE_COMPILATION_CONDITIONS = DEBUG;
				SWIFT_OPTIMIZATION_LEVEL = "-Onone";
			};
			name = Debug;
		};
		520739CA296DA66800597C89 /* Release */ = {
			isa = XCBuildConfiguration;
			buildSettings = {
				ALWAYS_SEARCH_USER_PATHS = NO;
				CLANG_ANALYZER_NONNULL = YES;
				CLANG_ANALYZER_NUMBER_OBJECT_CONVERSION = YES_AGGRESSIVE;
				CLANG_CXX_LANGUAGE_STANDARD = "gnu++20";
				CLANG_ENABLE_MODULES = YES;
				CLANG_ENABLE_OBJC_ARC = YES;
				CLANG_ENABLE_OBJC_WEAK = YES;
				CLANG_WARN_BLOCK_CAPTURE_AUTORELEASING = YES;
				CLANG_WARN_BOOL_CONVERSION = YES;
				CLANG_WARN_COMMA = YES;
				CLANG_WARN_CONSTANT_CONVERSION = YES;
				CLANG_WARN_DEPRECATED_OBJC_IMPLEMENTATIONS = YES;
				CLANG_WARN_DIRECT_OBJC_ISA_USAGE = YES_ERROR;
				CLANG_WARN_DOCUMENTATION_COMMENTS = YES;
				CLANG_WARN_EMPTY_BODY = YES;
				CLANG_WARN_ENUM_CONVERSION = YES;
				CLANG_WARN_INFINITE_RECURSION = YES;
				CLANG_WARN_INT_CONVERSION = YES;
				CLANG_WARN_NON_LITERAL_NULL_CONVERSION = YES;
				CLANG_WARN_OBJC_IMPLICIT_RETAIN_SELF = YES;
				CLANG_WARN_OBJC_LITERAL_CONVERSION = YES;
				CLANG_WARN_OBJC_ROOT_CLASS = YES_ERROR;
				CLANG_WARN_QUOTED_INCLUDE_IN_FRAMEWORK_HEADER = YES;
				CLANG_WARN_RANGE_LOOP_ANALYSIS = YES;
				CLANG_WARN_STRICT_PROTOTYPES = YES;
				CLANG_WARN_SUSPICIOUS_MOVE = YES;
				CLANG_WARN_UNGUARDED_AVAILABILITY = YES_AGGRESSIVE;
				CLANG_WARN_UNREACHABLE_CODE = YES;
				CLANG_WARN__DUPLICATE_METHOD_MATCH = YES;
				COPY_PHASE_STRIP = NO;
				DEBUG_INFORMATION_FORMAT = "dwarf-with-dsym";
				ENABLE_NS_ASSERTIONS = NO;
				ENABLE_STRICT_OBJC_MSGSEND = YES;
				GCC_C_LANGUAGE_STANDARD = gnu11;
				GCC_NO_COMMON_BLOCKS = YES;
				GCC_WARN_64_TO_32_BIT_CONVERSION = YES;
				GCC_WARN_ABOUT_RETURN_TYPE = YES_ERROR;
				GCC_WARN_UNDECLARED_SELECTOR = YES;
				GCC_WARN_UNINITIALIZED_AUTOS = YES_AGGRESSIVE;
				GCC_WARN_UNUSED_FUNCTION = YES;
				GCC_WARN_UNUSED_VARIABLE = YES;
				IPHONEOS_DEPLOYMENT_TARGET = 16.2;
				MTL_ENABLE_DEBUG_INFO = NO;
				MTL_FAST_MATH = YES;
				SDKROOT = iphoneos;
				SWIFT_COMPILATION_MODE = wholemodule;
				SWIFT_OPTIMIZATION_LEVEL = "-O";
				VALIDATE_PRODUCT = YES;
			};
			name = Release;
		};
		520739CC296DA66800597C89 /* Debug */ = {
			isa = XCBuildConfiguration;
			buildSettings = {
				ASSETCATALOG_COMPILER_APPICON_NAME = AppIcon;
				ASSETCATALOG_COMPILER_GLOBAL_ACCENT_COLOR_NAME = AccentColor;
				CODE_SIGN_STYLE = Automatic;
				CURRENT_PROJECT_VERSION = 1;
				DEVELOPMENT_TEAM = P4X43C9DG9;
				GENERATE_INFOPLIST_FILE = YES;
				INFOPLIST_FILE = "Celebrus Task/Info.plist";
				INFOPLIST_KEY_UIApplicationSupportsIndirectInputEvents = YES;
				INFOPLIST_KEY_UILaunchStoryboardName = LaunchScreen;
				INFOPLIST_KEY_UIMainStoryboardFile = Main;
				INFOPLIST_KEY_UISupportedInterfaceOrientations_iPad = "UIInterfaceOrientationPortrait UIInterfaceOrientationPortraitUpsideDown UIInterfaceOrientationLandscapeLeft UIInterfaceOrientationLandscapeRight";
				INFOPLIST_KEY_UISupportedInterfaceOrientations_iPhone = "UIInterfaceOrientationPortrait UIInterfaceOrientationLandscapeLeft UIInterfaceOrientationLandscapeRight";
				IPHONEOS_DEPLOYMENT_TARGET = 15.0;
				LD_RUNPATH_SEARCH_PATHS = (
					"$(inherited)",
					"@executable_path/Frameworks",
				);
				MARKETING_VERSION = 1.0;
				PRODUCT_BUNDLE_IDENTIFIER = "com.johnakpenyi.Celebrus-Task";
				PRODUCT_NAME = "$(TARGET_NAME)";
				SWIFT_EMIT_LOC_STRINGS = YES;
				SWIFT_VERSION = 5.0;
				TARGETED_DEVICE_FAMILY = "1,2";
			};
			name = Debug;
		};
		520739CD296DA66800597C89 /* Release */ = {
			isa = XCBuildConfiguration;
			buildSettings = {
				ASSETCATALOG_COMPILER_APPICON_NAME = AppIcon;
				ASSETCATALOG_COMPILER_GLOBAL_ACCENT_COLOR_NAME = AccentColor;
				CODE_SIGN_STYLE = Automatic;
				CURRENT_PROJECT_VERSION = 1;
				DEVELOPMENT_TEAM = P4X43C9DG9;
				GENERATE_INFOPLIST_FILE = YES;
				INFOPLIST_FILE = "Celebrus Task/Info.plist";
				INFOPLIST_KEY_UIApplicationSupportsIndirectInputEvents = YES;
				INFOPLIST_KEY_UILaunchStoryboardName = LaunchScreen;
				INFOPLIST_KEY_UIMainStoryboardFile = Main;
				INFOPLIST_KEY_UISupportedInterfaceOrientations_iPad = "UIInterfaceOrientationPortrait UIInterfaceOrientationPortraitUpsideDown UIInterfaceOrientationLandscapeLeft UIInterfaceOrientationLandscapeRight";
				INFOPLIST_KEY_UISupportedInterfaceOrientations_iPhone = "UIInterfaceOrientationPortrait UIInterfaceOrientationLandscapeLeft UIInterfaceOrientationLandscapeRight";
				IPHONEOS_DEPLOYMENT_TARGET = 15.0;
				LD_RUNPATH_SEARCH_PATHS = (
					"$(inherited)",
					"@executable_path/Frameworks",
				);
				MARKETING_VERSION = 1.0;
				PRODUCT_BUNDLE_IDENTIFIER = "com.johnakpenyi.Celebrus-Task";
				PRODUCT_NAME = "$(TARGET_NAME)";
				SWIFT_EMIT_LOC_STRINGS = YES;
				SWIFT_VERSION = 5.0;
				TARGETED_DEVICE_FAMILY = "1,2";
			};
			name = Release;
		};
/* End XCBuildConfiguration section */

/* Begin XCConfigurationList section */
		520739B2296DA66700597C89 /* Build configuration list for PBXProject "Celebrus Task" */ = {
			isa = XCConfigurationList;
			buildConfigurations = (
				520739C9296DA66800597C89 /* Debug */,
				520739CA296DA66800597C89 /* Release */,
			);
			defaultConfigurationIsVisible = 0;
			defaultConfigurationName = Release;
		};
		520739CB296DA66800597C89 /* Build configuration list for PBXNativeTarget "Celebrus Task" */ = {
			isa = XCConfigurationList;
			buildConfigurations = (
				520739CC296DA66800597C89 /* Debug */,
				520739CD296DA66800597C89 /* Release */,
			);
			defaultConfigurationIsVisible = 0;
			defaultConfigurationName = Release;
		};
/* End XCConfigurationList section */
	};
	rootObject = 520739AF296DA66700597C89 /* Project object */;
}
